
Microsoft Visual Studio Solution File, Format Version 12.00
# Visual Studio Version 17
VisualStudioVersion = 17.8.34330.188
MinimumVisualStudioVersion = 10.0.40219.1
Project("{FAE04EC0-301F-11D3-BF4B-00C04F79EFBC}") = "MinimalApi", "MinimalApi\MinimalApi.csproj", "{655C0995-3062-41E3-9846-3B7D49C0A43A}"
EndProject
Global
	GlobalSection(SolutionConfigurationPlatforms) = preSolution
		Debug|Any CPU = Debug|Any CPU
		Release|Any CPU = Release|Any CPU
	EndGlobalSection
	GlobalSection(ProjectConfigurationPlatforms) = postSolution
		{655C0995-3062-41E3-9846-3B7D49C0A43A}.Debug|Any CPU.ActiveCfg = Debug|Any CPU
		{655C0995-3062-41E3-9846-3B7D49C0A43A}.Debug|Any CPU.Build.0 = Debug|Any CPU
		{655C0995-3062-41E3-9846-3B7D49C0A43A}.Release|Any CPU.ActiveCfg = Release|Any CPU
		{655C0995-3062-41E3-9846-3B7D49C0A43A}.Release|Any CPU.Build.0 = Release|Any CPU
	EndGlobalSection
	GlobalSection(SolutionProperties) = preSolution
		HideSolutionNode = FALSE
	EndGlobalSection
	GlobalSection(ExtensibilityGlobals) = postSolution
		SolutionGuid = {791F946A-72F4-4163-B024-3087FAF96CC7}
	EndGlobalSection
EndGlobal
